
Microsoft Visual Studio Solution File, Format Version 12.00
# Visual Studio Version 17
VisualStudioVersion = 17.2.32616.157
MinimumVisualStudioVersion = 10.0.40219.1
Project("{FAE04EC0-301F-11D3-BF4B-00C04F79EFBC}") = "Raktadan", "Raktadan.csproj", "{77F4F841-23B7-4F9C-9EDC-592326A6FEF0}"
EndProject
Global
	GlobalSection(SolutionConfigurationPlatforms) = preSolution
		Debug|Any CPU = Debug|Any CPU
		Release|Any CPU = Release|Any CPU
	EndGlobalSection
	GlobalSection(ProjectConfigurationPlatforms) = postSolution
		{77F4F841-23B7-4F9C-9EDC-592326A6FEF0}.Debug|Any CPU.ActiveCfg = Debug|Any CPU
		{77F4F841-23B7-4F9C-9EDC-592326A6FEF0}.Debug|Any CPU.Build.0 = Debug|Any CPU
		{77F4F841-23B7-4F9C-9EDC-592326A6FEF0}.Release|Any CPU.ActiveCfg = Release|Any CPU
		{77F4F841-23B7-4F9C-9EDC-592326A6FEF0}.Release|Any CPU.Build.0 = Release|Any CPU
	EndGlobalSection
	GlobalSection(SolutionProperties) = preSolution
		HideSolutionNode = FALSE
	EndGlobalSection
	GlobalSection(ExtensibilityGlobals) = postSolution
		SolutionGuid = {7EB0D757-BE08-444F-9246-E32207DBA170}
	EndGlobalSection
EndGlobal
